
Microsoft Visual Studio Solution File, Format Version 12.00
# Visual Studio Version 17
VisualStudioVersion = 17.4.33205.214
MinimumVisualStudioVersion = 10.0.40219.1
Project("{9A19103F-16F7-4668-BE54-9A1E7A4F7556}") = "Oishi.Data", "Oishi.Data\Oishi.Data.csproj", "{16674F91-2259-4EE8-B46F-EBEC1CE5B5F3}"
EndProject
Project("{9A19103F-16F7-4668-BE54-9A1E7A4F7556}") = "Oishi.WebAPI", "Oishi.WebAPI\Oishi.WebAPI.csproj", "{74B49A83-E4FD-432B-B321-CB26230BF860}"
EndProject
Project("{9A19103F-16F7-4668-BE54-9A1E7A4F7556}") = "Oishi.WebApp", "Oishi.WebApp\Oishi.WebApp.csproj", "{EBE2014B-99A7-48A7-A588-4DD9BD16D6BD}"
EndProject
Project("{9A19103F-16F7-4668-BE54-9A1E7A4F7556}") = "Oishi.Shared", "Oishi.Shared\Oishi.Shared.csproj", "{9DFA0A15-6B6E-4DD2-8819-F2A806E3A664}"
EndProject
Project("{FAE04EC0-301F-11D3-BF4B-00C04F79EFBC}") = "Oishi.WinForms.Administration", "Oishi.WinForms.Administration\Oishi.WinForms.Administration.csproj", "{62207C2B-F598-4925-948D-08493D830901}"
EndProject
Global
	GlobalSection(SolutionConfigurationPlatforms) = preSolution
		Debug|Any CPU = Debug|Any CPU
		Release|Any CPU = Release|Any CPU
	EndGlobalSection
	GlobalSection(ProjectConfigurationPlatforms) = postSolution
		{16674F91-2259-4EE8-B46F-EBEC1CE5B5F3}.Debug|Any CPU.ActiveCfg = Debug|Any CPU
		{16674F91-2259-4EE8-B46F-EBEC1CE5B5F3}.Debug|Any CPU.Build.0 = Debug|Any CPU
		{16674F91-2259-4EE8-B46F-EBEC1CE5B5F3}.Release|Any CPU.ActiveCfg = Release|Any CPU
		{16674F91-2259-4EE8-B46F-EBEC1CE5B5F3}.Release|Any CPU.Build.0 = Release|Any CPU
		{74B49A83-E4FD-432B-B321-CB26230BF860}.Debug|Any CPU.ActiveCfg = Debug|Any CPU
		{74B49A83-E4FD-432B-B321-CB26230BF860}.Debug|Any CPU.Build.0 = Debug|Any CPU
		{74B49A83-E4FD-432B-B321-CB26230BF860}.Release|Any CPU.ActiveCfg = Release|Any CPU
		{74B49A83-E4FD-432B-B321-CB26230BF860}.Release|Any CPU.Build.0 = Release|Any CPU
		{EBE2014B-99A7-48A7-A588-4DD9BD16D6BD}.Debug|Any CPU.ActiveCfg = Debug|Any CPU
		{EBE2014B-99A7-48A7-A588-4DD9BD16D6BD}.Debug|Any CPU.Build.0 = Debug|Any CPU
		{EBE2014B-99A7-48A7-A588-4DD9BD16D6BD}.Release|Any CPU.ActiveCfg = Release|Any CPU
		{EBE2014B-99A7-48A7-A588-4DD9BD16D6BD}.Release|Any CPU.Build.0 = Release|Any CPU
		{9DFA0A15-6B6E-4DD2-8819-F2A806E3A664}.Debug|Any CPU.ActiveCfg = Debug|Any CPU
		{9DFA0A15-6B6E-4DD2-8819-F2A806E3A664}.Debug|Any CPU.Build.0 = Debug|Any CPU
		{9DFA0A15-6B6E-4DD2-8819-F2A806E3A664}.Release|Any CPU.ActiveCfg = Release|Any CPU
		{9DFA0A15-6B6E-4DD2-8819-F2A806E3A664}.Release|Any CPU.Build.0 = Release|Any CPU
		{62207C2B-F598-4925-948D-08493D830901}.Debug|Any CPU.ActiveCfg = Debug|Any CPU
		{62207C2B-F598-4925-948D-08493D830901}.Debug|Any CPU.Build.0 = Debug|Any CPU
		{62207C2B-F598-4925-948D-08493D830901}.Release|Any CPU.ActiveCfg = Release|Any CPU
		{62207C2B-F598-4925-948D-08493D830901}.Release|Any CPU.Build.0 = Release|Any CPU
	EndGlobalSection
	GlobalSection(SolutionProperties) = preSolution
		HideSolutionNode = FALSE
	EndGlobalSection
	GlobalSection(ExtensibilityGlobals) = postSolution
		SolutionGuid = {5DF5E2B5-6542-4229-85AF-089B73AEE3B1}
	EndGlobalSection
EndGlobal
